
Microsoft Visual Studio Solution File, Format Version 12.00
# Visual Studio 15
VisualStudioVersion = 15.0.27130.2036
MinimumVisualStudioVersion = 10.0.40219.1
Project("{888888A0-9F3D-457C-B088-3A5042F75D52}") = "FIEK-UDP_SERVER", "FIEK-UDP_SERVER\FIEK-UDP_SERVER.pyproj", "{C6EF4364-3998-4B56-83AC-75D66209D4A9}"
EndProject
Global
	GlobalSection(SolutionConfigurationPlatforms) = preSolution
		Debug|Any CPU = Debug|Any CPU
		Release|Any CPU = Release|Any CPU
	EndGlobalSection
	GlobalSection(ProjectConfigurationPlatforms) = postSolution
		{C6EF4364-3998-4B56-83AC-75D66209D4A9}.Debug|Any CPU.ActiveCfg = Debug|Any CPU
		{C6EF4364-3998-4B56-83AC-75D66209D4A9}.Release|Any CPU.ActiveCfg = Release|Any CPU
	EndGlobalSection
	GlobalSection(SolutionProperties) = preSolution
		HideSolutionNode = FALSE
	EndGlobalSection
	GlobalSection(ExtensibilityGlobals) = postSolution
		SolutionGuid = {DBF692A6-E263-41DF-A38C-E74DA04C72DF}
	EndGlobalSection
EndGlobal
